<?xml version="1.0"?>
<CONFIG>
  <ProjectOptions>
    <Version Value="9"/>
    <PathDelim Value="\"/>
    <General>
      <MainUnit Value="0"/>
      <Title Value="Guia de Minerais"/>
      <ResourceType Value="res"/>
      <UseXPManifest Value="True"/>
      <Icon Value="0"/>
      <ActiveWindowIndexAtStart Value="0"/>
    </General>
    <i18n>
      <EnableI18N LFM="False"/>
    </i18n>
    <VersionInfo>
      <StringTable ProductVersion=""/>
    </VersionInfo>
    <BuildModes Count="1" Active="Default">
      <Item1 Name="Default" Default="True"/>
    </BuildModes>
    <PublishOptions>
      <Version Value="2"/>
      <IncludeFileFilter Value="*.(pas|pp|inc|lfm|lpr|lrs|lpi|lpk|sh|xml)"/>
      <ExcludeFileFilter Value="*.(bak|ppu|o|so);*~;backup"/>
    </PublishOptions>
    <RunParams>
      <local>
        <FormatVersion Value="1"/>
      </local>
    </RunParams>
    <RequiredPackages Count="8">
      <Item1>
        <PackageName Value="SDFLaz"/>
      </Item1>
      <Item2>
        <PackageName Value="TAChartLazarusPkg"/>
      </Item2>
      <Item3>
        <PackageName Value="richmemopackage"/>
        <MinVersion Major="1" Valid="True"/>
      </Item3>
      <Item4>
        <PackageName Value="lazreport"/>
        <MinVersion Minor="9" Release="8" Valid="True"/>
      </Item4>
      <Item5>
        <PackageName Value="FCL"/>
        <MinVersion Major="1" Valid="True"/>
      </Item5>
      <Item6>
        <PackageName Value="sqlite3laz"/>
        <MinVersion Minor="4" Valid="True"/>
      </Item6>
      <Item7>
        <PackageName Value="bgracontrols"/>
        <MinVersion Major="1" Minor="4" Valid="True"/>
      </Item7>
      <Item8>
        <PackageName Value="LCL"/>
      </Item8>
    </RequiredPackages>
    <Units Count="32">
      <Unit0>
        <Filename Value="guiademinerais.lpr"/>
        <IsPartOfProject Value="True"/>
        <UnitName Value="guiademinerais"/>
        <EditorIndex Value="3"/>
        <WindowIndex Value="0"/>
        <TopLine Value="8"/>
        <CursorPos X="27" Y="22"/>
        <UsageCount Value="290"/>
        <Loaded Value="True"/>
      </Unit0>
      <Unit1>
        <Filename Value="src\uprincipal.pas"/>
        <IsPartOfProject Value="True"/>
        <ComponentName Value="FormPrincipal"/>
        <HasResources Value="True"/>
        <ResourceBaseClass Value="Form"/>
        <UnitName Value="uprincipal"/>
        <IsVisibleTab Value="True"/>
        <EditorIndex Value="0"/>
        <WindowIndex Value="0"/>
        <TopLine Value="1624"/>
        <CursorPos X="17" Y="1645"/>
        <UsageCount Value="290"/>
        <Loaded Value="True"/>
        <LoadedDesigner Value="True"/>
      </Unit1>
      <Unit2>
        <Filename Value="src\udatamodule.pas"/>
        <IsPartOfProject Value="True"/>
        <ComponentName Value="Dados"/>
        <HasResources Value="True"/>
        <ResourceBaseClass Value="DataModule"/>
        <UnitName Value="udatamodule"/>
        <EditorIndex Value="2"/>
        <WindowIndex Value="0"/>
        <TopLine Value="83"/>
        <CursorPos X="27" Y="87"/>
        <UsageCount Value="290"/>
        <Loaded Value="True"/>
        <LoadedDesigner Value="True"/>
      </Unit2>
      <Unit3>
        <Filename Value="src\uselecionabd.pas"/>
        <IsPartOfProject Value="True"/>
        <ComponentName Value="FormSelecionaBD"/>
        <HasResources Value="True"/>
        <ResourceBaseClass Value="Form"/>
        <UnitName Value="uselecionabd"/>
        <EditorIndex Value="6"/>
        <WindowIndex Value="0"/>
        <TopLine Value="164"/>
        <CursorPos X="47" Y="178"/>
        <UsageCount Value="290"/>
        <Loaded Value="True"/>
        <LoadedDesigner Value="True"/>
      </Unit3>
      <Unit4>
        <Filename Value="src\ubibliografia.pas"/>
        <IsPartOfProject Value="True"/>
        <ComponentName Value="FormBibliografia"/>
        <HasResources Value="True"/>
        <ResourceBaseClass Value="Form"/>
        <UnitName Value="ubibliografia"/>
        <EditorIndex Value="5"/>
        <WindowIndex Value="0"/>
        <TopLine Value="49"/>
        <CursorPos X="29" Y="54"/>
        <UsageCount Value="289"/>
        <Loaded Value="True"/>
        <LoadedDesigner Value="True"/>
      </Unit4>
      <Unit5>
        <Filename Value="src\sqlite3tablemod.pas"/>
        <UnitName Value="sqlite3tablemod"/>
        <WindowIndex Value="0"/>
        <TopLine Value="292"/>
        <CursorPos X="1" Y="302"/>
        <UsageCount Value="132"/>
      </Unit5>
      <Unit6>
        <Filename Value="src\uformimpressao.pas"/>
        <IsPartOfProject Value="True"/>
        <ComponentName Value="FormImpressao"/>
        <HasResources Value="True"/>
        <ResourceBaseClass Value="Form"/>
        <UnitName Value="uformimpressao"/>
        <EditorIndex Value="7"/>
        <WindowIndex Value="0"/>
        <TopLine Value="95"/>
        <CursorPos X="23" Y="108"/>
        <UsageCount Value="272"/>
        <Loaded Value="True"/>
        <LoadedDesigner Value="True"/>
      </Unit6>
      <Unit7>
        <Filename Value="C:\lazarus\lcl\include\customform.inc"/>
        <WindowIndex Value="0"/>
        <TopLine Value="942"/>
        <CursorPos X="1" Y="954"/>
        <UsageCount Value="112"/>
      </Unit7>
      <Unit8>
        <Filename Value="src\unitajuda.pas"/>
        <IsPartOfProject Value="True"/>
        <ComponentName Value="FormAjuda"/>
        <HasResources Value="True"/>
        <ResourceBaseClass Value="Form"/>
        <UnitName Value="UnitAjuda"/>
        <EditorIndex Value="8"/>
        <WindowIndex Value="0"/>
        <TopLine Value="7"/>
        <CursorPos X="33" Y="27"/>
        <UsageCount Value="244"/>
        <Loaded Value="True"/>
        <LoadedDesigner Value="True"/>
      </Unit8>
      <Unit9>
        <Filename Value="C:\lazarus\lcl\include\fpimagebitmap.inc"/>
        <WindowIndex Value="0"/>
        <TopLine Value="136"/>
        <CursorPos X="19" Y="142"/>
        <UsageCount Value="18"/>
      </Unit9>
      <Unit10>
        <Filename Value="C:\lazarus\components\lazreport\source\lr_view.pas"/>
        <UnitName Value="LR_View"/>
        <WindowIndex Value="0"/>
        <TopLine Value="321"/>
        <CursorPos X="22" Y="331"/>
        <UsageCount Value="9"/>
      </Unit10>
      <Unit11>
        <Filename Value="C:\lazarus\components\lazreport\source\lr_dbset.pas"/>
        <UnitName Value="LR_DBSet"/>
        <WindowIndex Value="0"/>
        <TopLine Value="215"/>
        <CursorPos X="1" Y="225"/>
        <UsageCount Value="9"/>
      </Unit11>
      <Unit12>
        <Filename Value="C:\lazarus\lcl\interfaces\win32\win32wsstdctrls.pp"/>
        <UnitName Value="Win32WSStdCtrls"/>
        <WindowIndex Value="0"/>
        <TopLine Value="474"/>
        <CursorPos X="1" Y="484"/>
        <UsageCount Value="5"/>
      </Unit12>
      <Unit13>
        <Filename Value="C:\lazarus\components\lazreport\source\lr_class.pas"/>
        <UnitName Value="LR_Class"/>
        <WindowIndex Value="0"/>
        <TopLine Value="8005"/>
        <CursorPos X="1" Y="8064"/>
        <UsageCount Value="5"/>
      </Unit13>
      <Unit14>
        <Filename Value="C:\lazarus\components\powerpdf_0.9.9_20121104\PowerPdf.pas"/>
        <UnitName Value="PowerPdf"/>
        <WindowIndex Value="0"/>
        <TopLine Value="33"/>
        <CursorPos X="28" Y="20"/>
        <UsageCount Value="5"/>
        <DefaultSyntaxHighlighter Value="Delphi"/>
      </Unit14>
      <Unit15>
        <Filename Value="C:\lazarus\components\powerpdf_0.9.9_20121104\PReport.pas"/>
        <UnitName Value="PReport"/>
        <WindowIndex Value="0"/>
        <TopLine Value="193"/>
        <CursorPos X="35" Y="157"/>
        <UsageCount Value="6"/>
        <DefaultSyntaxHighlighter Value="Delphi"/>
      </Unit15>
      <Unit16>
        <Filename Value="src\fr_e_tnpdf.pas"/>
        <UnitName Value="FR_E_TNPDF"/>
        <WindowIndex Value="0"/>
        <TopLine Value="7"/>
        <CursorPos X="53" Y="9"/>
        <UsageCount Value="31"/>
      </Unit16>
      <Unit17>
        <Filename Value="C:\lazarus\components\richmemo\win32\win32richmemo.pas"/>
        <UnitName Value="Win32RichMemo"/>
        <WindowIndex Value="0"/>
        <TopLine Value="95"/>
        <CursorPos X="26" Y="103"/>
        <UsageCount Value="6"/>
      </Unit17>
      <Unit18>
        <Filename Value="src\udatamodule.lfm"/>
        <HasResources Value="True"/>
        <ResourceBaseClass Value="Form"/>
        <WindowIndex Value="0"/>
        <TopLine Value="1"/>
        <CursorPos X="50" Y="15"/>
        <UsageCount Value="10"/>
        <DefaultSyntaxHighlighter Value="LFM"/>
      </Unit18>
      <Unit19>
        <Filename Value="C:\lazarus\components\lazreport\source\addons\pdfexport\lr_e_pdf.pas"/>
        <UnitName Value="lr_e_pdf"/>
        <WindowIndex Value="0"/>
        <TopLine Value="22"/>
        <CursorPos X="5" Y="22"/>
        <UsageCount Value="6"/>
      </Unit19>
      <Unit20>
        <Filename Value="C:\lazarus\lcl\interfaces\win32\win32listsl.inc"/>
        <WindowIndex Value="0"/>
        <TopLine Value="156"/>
        <CursorPos X="1" Y="173"/>
        <UsageCount Value="9"/>
      </Unit20>
      <Unit21>
        <Filename Value="C:\lazarus\fpc\2.6.2\source\rtl\inc\systemh.inc"/>
        <WindowIndex Value="0"/>
        <TopLine Value="80"/>
        <CursorPos X="3" Y="91"/>
        <UsageCount Value="7"/>
      </Unit21>
      <Unit22>
        <Filename Value="C:\lazarus\fpc\2.6.2\source\rtl\inc\objpash.inc"/>
        <WindowIndex Value="0"/>
        <TopLine Value="50"/>
        <CursorPos X="11" Y="61"/>
        <UsageCount Value="9"/>
      </Unit22>
      <Unit23>
        <Filename Value="C:\lazarus\fpc\2.6.2\source\packages\fcl-db\src\base\db.pas"/>
        <UnitName Value="db"/>
        <WindowIndex Value="0"/>
        <TopLine Value="425"/>
        <CursorPos X="62" Y="442"/>
        <UsageCount Value="9"/>
      </Unit23>
      <Unit24>
        <Filename Value="src\unitsplash.pas"/>
        <IsPartOfProject Value="True"/>
        <ComponentName Value="FormSplash"/>
        <HasResources Value="True"/>
        <ResourceBaseClass Value="Form"/>
        <UnitName Value="unitSplash"/>
        <EditorIndex Value="4"/>
        <WindowIndex Value="0"/>
        <TopLine Value="1"/>
        <CursorPos X="1" Y="1"/>
        <UsageCount Value="64"/>
        <Loaded Value="True"/>
        <LoadedDesigner Value="True"/>
      </Unit24>
      <Unit25>
        <Filename Value="src\unitimagem.pas"/>
        <IsPartOfProject Value="True"/>
        <UnitName Value="unitImagem"/>
        <EditorIndex Value="1"/>
        <WindowIndex Value="0"/>
        <TopLine Value="95"/>
        <CursorPos X="13" Y="106"/>
        <UsageCount Value="62"/>
        <Loaded Value="True"/>
      </Unit25>
      <Unit26>
        <Filename Value="C:\lazarus\components\richmemo\richmemo.pas"/>
        <UnitName Value="RichMemo"/>
        <WindowIndex Value="0"/>
        <TopLine Value="258"/>
        <CursorPos X="28" Y="267"/>
        <UsageCount Value="12"/>
      </Unit26>
      <Unit27>
        <Filename Value="C:\lazarus\components\tachart\tachartimagelist.pas"/>
        <UnitName Value="TAChartImageList"/>
        <WindowIndex Value="0"/>
        <TopLine Value="107"/>
        <CursorPos X="6" Y="43"/>
        <UsageCount Value="11"/>
      </Unit27>
      <Unit28>
        <Filename Value="C:\lazarus\components\tachart\tatools.pas"/>
        <UnitName Value="TATools"/>
        <WindowIndex Value="0"/>
        <TopLine Value="791"/>
        <CursorPos X="3" Y="770"/>
        <UsageCount Value="11"/>
      </Unit28>
      <Unit29>
        <Filename Value="C:\lazarus\components\tachart\tachartextentlink.pas"/>
        <UnitName Value="TAChartExtentLink"/>
        <WindowIndex Value="0"/>
        <TopLine Value="97"/>
        <CursorPos X="34" Y="148"/>
        <UsageCount Value="9"/>
      </Unit29>
      <Unit30>
        <Filename Value="C:\lazarus\lcl\include\menuitem.inc"/>
        <WindowIndex Value="0"/>
        <TopLine Value="73"/>
        <CursorPos X="1" Y="83"/>
        <UsageCount Value="10"/>
      </Unit30>
      <Unit31>
        <Filename Value="C:\lazarus\lcl\dbctrls.pp"/>
        <UnitName Value="DbCtrls"/>
        <WindowIndex Value="0"/>
        <TopLine Value="1405"/>
        <CursorPos X="1" Y="1416"/>
        <UsageCount Value="11"/>
      </Unit31>
    </Units>
    <JumpHistory Count="30" HistoryIndex="29">
      <Position1>
        <Filename Value="src\uprincipal.pas"/>
        <Caret Line="1061" Column="43" TopLine="1051"/>
      </Position1>
      <Position2>
        <Filename Value="src\uprincipal.pas"/>
        <Caret Line="915" Column="3" TopLine="913"/>
      </Position2>
      <Position3>
        <Filename Value="src\uprincipal.pas"/>
        <Caret Line="924" Column="37" TopLine="917"/>
      </Position3>
      <Position4>
        <Filename Value="src\uprincipal.pas"/>
        <Caret Line="833" Column="3" TopLine="830"/>
      </Position4>
      <Position5>
        <Filename Value="src\uprincipal.pas"/>
        <Caret Line="841" Column="28" TopLine="828"/>
      </Position5>
      <Position6>
        <Filename Value="src\uprincipal.pas"/>
        <Caret Line="791" Column="3" TopLine="789"/>
      </Position6>
      <Position7>
        <Filename Value="src\uprincipal.pas"/>
        <Caret Line="794" Column="36" TopLine="790"/>
      </Position7>
      <Position8>
        <Filename Value="src\uprincipal.pas"/>
        <Caret Line="1169" Column="3" TopLine="1166"/>
      </Position8>
      <Position9>
        <Filename Value="src\uprincipal.pas"/>
        <Caret Line="1177" Column="34" TopLine="1167"/>
      </Position9>
      <Position10>
        <Filename Value="src\uprincipal.pas"/>
        <Caret Line="810" Column="3" TopLine="808"/>
      </Position10>
      <Position11>
        <Filename Value="src\uprincipal.pas"/>
        <Caret Line="811" Column="3" TopLine="808"/>
      </Position11>
      <Position12>
        <Filename Value="src\uprincipal.pas"/>
        <Caret Line="1130" Column="3" TopLine="1128"/>
      </Position12>
      <Position13>
        <Filename Value="src\uprincipal.pas"/>
        <Caret Line="1137" Column="43" TopLine="1133"/>
      </Position13>
      <Position14>
        <Filename Value="src\uprincipal.pas"/>
        <Caret Line="829" Column="3" TopLine="827"/>
      </Position14>
      <Position15>
        <Filename Value="src\uprincipal.pas"/>
        <Caret Line="831" Column="38" TopLine="827"/>
      </Position15>
      <Position16>
        <Filename Value="src\uprincipal.pas"/>
        <Caret Line="1136" Column="3" TopLine="1134"/>
      </Position16>
      <Position17>
        <Filename Value="src\uprincipal.pas"/>
        <Caret Line="1143" Column="29" TopLine="1134"/>
      </Position17>
      <Position18>
        <Filename Value="src\uprincipal.pas"/>
        <Caret Line="1139" Column="3" TopLine="1137"/>
      </Position18>
      <Position19>
        <Filename Value="src\uprincipal.pas"/>
        <Caret Line="1143" Column="20" TopLine="1136"/>
      </Position19>
      <Position20>
        <Filename Value="src\uprincipal.pas"/>
        <Caret Line="1732" Column="30" TopLine="1720"/>
      </Position20>
      <Position21>
        <Filename Value="src\uprincipal.pas"/>
        <Caret Line="1429" Column="5" TopLine="1418"/>
      </Position21>
      <Position22>
        <Filename Value="src\uprincipal.pas"/>
        <Caret Line="1722" Column="3" TopLine="1719"/>
      </Position22>
      <Position23>
        <Filename Value="src\uprincipal.pas"/>
        <Caret Line="1425" Column="22" TopLine="1418"/>
      </Position23>
      <Position24>
        <Filename Value="src\uprincipal.pas"/>
        <Caret Line="1724" Column="3" TopLine="1721"/>
      </Position24>
      <Position25>
        <Filename Value="src\uprincipal.pas"/>
        <Caret Line="1421" Column="36" TopLine="1415"/>
      </Position25>
      <Position26>
        <Filename Value="src\uprincipal.pas"/>
        <Caret Line="1621" Column="20" TopLine="1602"/>
      </Position26>
      <Position27>
        <Filename Value="src\uprincipal.pas"/>
        <Caret Line="1675" Column="22" TopLine="1656"/>
      </Position27>
      <Position28>
        <Filename Value="src\uprincipal.pas"/>
        <Caret Line="1727" Column="22" TopLine="1708"/>
      </Position28>
      <Position29>
        <Filename Value="src\uprincipal.pas"/>
        <Caret Line="1780" Column="22" TopLine="1761"/>
      </Position29>
      <Position30>
        <Filename Value="src\uprincipal.pas"/>
        <Caret Line="2067" Column="43" TopLine="2066"/>
      </Position30>
    </JumpHistory>
  </ProjectOptions>
  <CompilerOptions>
    <Version Value="11"/>
    <PathDelim Value="\"/>
    <Target>
      <Filename Value="Guia de Minerais"/>
    </Target>
    <SearchPaths>
      <IncludeFiles Value="$(ProjOutDir)"/>
      <OtherUnitFiles Value="src"/>
      <UnitOutputDirectory Value="lib\$(TargetCPU)-$(TargetOS)"/>
    </SearchPaths>
    <Linking>
      <Options>
        <Win32>
          <GraphicApplication Value="True"/>
        </Win32>
      </Options>
    </Linking>
    <Other>
      <CompilerMessages>
        <UseMsgFile Value="True"/>
      </CompilerMessages>
      <CompilerPath Value="$(CompPath)"/>
    </Other>
  </CompilerOptions>
  <Debugging>
    <Exceptions Count="3">
      <Item1>
        <Name Value="EAbort"/>
      </Item1>
      <Item2>
        <Name Value="ECodetoolError"/>
      </Item2>
      <Item3>
        <Name Value="EFOpenError"/>
      </Item3>
    </Exceptions>
  </Debugging>
</CONFIG>
