<?xml version="1.0"?>
<CONFIG>
  <ProjectOptions>
    <Version Value="9"/>
    <PathDelim Value="\"/>
    <General>
      <MainUnit Value="0"/>
      <Title Value="Guia de Minerais"/>
      <ResourceType Value="res"/>
      <UseXPManifest Value="True"/>
      <Icon Value="0"/>
      <ActiveWindowIndexAtStart Value="0"/>
    </General>
    <i18n>
      <EnableI18N LFM="False"/>
    </i18n>
    <VersionInfo>
      <StringTable ProductVersion=""/>
    </VersionInfo>
    <BuildModes Count="1" Active="Default">
      <Item1 Name="Default" Default="True"/>
    </BuildModes>
    <PublishOptions>
      <Version Value="2"/>
      <IncludeFileFilter Value="*.(pas|pp|inc|lfm|lpr|lrs|lpi|lpk|sh|xml)"/>
      <ExcludeFileFilter Value="*.(bak|ppu|o|so);*~;backup"/>
    </PublishOptions>
    <RunParams>
      <local>
        <FormatVersion Value="1"/>
      </local>
    </RunParams>
    <RequiredPackages Count="8">
      <Item1>
        <PackageName Value="SDFLaz"/>
      </Item1>
      <Item2>
        <PackageName Value="TAChartLazarusPkg"/>
      </Item2>
      <Item3>
        <PackageName Value="richmemopackage"/>
        <MinVersion Major="1" Valid="True"/>
      </Item3>
      <Item4>
        <PackageName Value="lazreport"/>
        <MinVersion Minor="9" Release="8" Valid="True"/>
      </Item4>
      <Item5>
        <PackageName Value="FCL"/>
        <MinVersion Major="1" Valid="True"/>
      </Item5>
      <Item6>
        <PackageName Value="sqlite3laz"/>
        <MinVersion Minor="4" Valid="True"/>
      </Item6>
      <Item7>
        <PackageName Value="bgracontrols"/>
        <MinVersion Major="1" Minor="4" Valid="True"/>
      </Item7>
      <Item8>
        <PackageName Value="LCL"/>
      </Item8>
    </RequiredPackages>
    <Units Count="44">
      <Unit0>
        <Filename Value="guiademinerais.lpr"/>
        <IsPartOfProject Value="True"/>
        <UnitName Value="guiademinerais"/>
        <EditorIndex Value="6"/>
        <WindowIndex Value="0"/>
        <TopLine Value="3"/>
        <CursorPos X="45" Y="24"/>
        <UsageCount Value="290"/>
        <Loaded Value="True"/>
      </Unit0>
      <Unit1>
        <Filename Value="src\uprincipal.pas"/>
        <IsPartOfProject Value="True"/>
        <ComponentName Value="FormPrincipal"/>
        <HasResources Value="True"/>
        <ResourceBaseClass Value="Form"/>
        <UnitName Value="uprincipal"/>
        <IsVisibleTab Value="True"/>
        <EditorIndex Value="0"/>
        <WindowIndex Value="0"/>
        <TopLine Value="750"/>
        <CursorPos X="4" Y="763"/>
        <UsageCount Value="290"/>
        <Loaded Value="True"/>
        <LoadedDesigner Value="True"/>
      </Unit1>
      <Unit2>
        <Filename Value="src\udatamodule.pas"/>
        <IsPartOfProject Value="True"/>
        <ComponentName Value="Dados"/>
        <HasResources Value="True"/>
        <ResourceBaseClass Value="DataModule"/>
        <UnitName Value="udatamodule"/>
        <EditorIndex Value="5"/>
        <WindowIndex Value="0"/>
        <TopLine Value="283"/>
        <CursorPos X="66" Y="309"/>
        <UsageCount Value="290"/>
        <Loaded Value="True"/>
        <LoadedDesigner Value="True"/>
      </Unit2>
      <Unit3>
        <Filename Value="src\uselecionabd.pas"/>
        <IsPartOfProject Value="True"/>
        <ComponentName Value="FormSelecionaBD"/>
        <HasResources Value="True"/>
        <ResourceBaseClass Value="Form"/>
        <UnitName Value="uselecionabd"/>
        <EditorIndex Value="8"/>
        <WindowIndex Value="0"/>
        <TopLine Value="166"/>
        <CursorPos X="225" Y="181"/>
        <UsageCount Value="290"/>
        <Loaded Value="True"/>
        <LoadedDesigner Value="True"/>
      </Unit3>
      <Unit4>
        <Filename Value="src\ubibliografia.pas"/>
        <IsPartOfProject Value="True"/>
        <ComponentName Value="FormBibliografia"/>
        <HasResources Value="True"/>
        <ResourceBaseClass Value="Form"/>
        <UnitName Value="ubibliografia"/>
        <EditorIndex Value="7"/>
        <WindowIndex Value="0"/>
        <TopLine Value="49"/>
        <CursorPos X="29" Y="54"/>
        <UsageCount Value="289"/>
        <Loaded Value="True"/>
        <LoadedDesigner Value="True"/>
      </Unit4>
      <Unit5>
        <Filename Value="src\sqlite3tablemod.pas"/>
        <UnitName Value="sqlite3tablemod"/>
        <EditorIndex Value="3"/>
        <WindowIndex Value="0"/>
        <TopLine Value="281"/>
        <CursorPos X="1" Y="304"/>
        <UsageCount Value="131"/>
        <Loaded Value="True"/>
      </Unit5>
      <Unit6>
        <Filename Value="src\uformimpressao.pas"/>
        <IsPartOfProject Value="True"/>
        <ComponentName Value="FormImpressao"/>
        <HasResources Value="True"/>
        <ResourceBaseClass Value="Form"/>
        <UnitName Value="uformimpressao"/>
        <WindowIndex Value="0"/>
        <TopLine Value="95"/>
        <CursorPos X="23" Y="108"/>
        <UsageCount Value="272"/>
      </Unit6>
      <Unit7>
        <Filename Value="C:\lazarus\lcl\include\customform.inc"/>
        <WindowIndex Value="0"/>
        <TopLine Value="942"/>
        <CursorPos X="1" Y="954"/>
        <UsageCount Value="108"/>
      </Unit7>
      <Unit8>
        <Filename Value="src\unitajuda.pas"/>
        <IsPartOfProject Value="True"/>
        <ComponentName Value="FormAjuda"/>
        <HasResources Value="True"/>
        <ResourceBaseClass Value="Form"/>
        <UnitName Value="UnitAjuda"/>
        <WindowIndex Value="0"/>
        <TopLine Value="7"/>
        <CursorPos X="33" Y="27"/>
        <UsageCount Value="244"/>
      </Unit8>
      <Unit9>
        <Filename Value="C:\lazarus\lcl\include\fpimagebitmap.inc"/>
        <WindowIndex Value="0"/>
        <TopLine Value="136"/>
        <CursorPos X="19" Y="142"/>
        <UsageCount Value="14"/>
      </Unit9>
      <Unit10>
        <Filename Value="C:\lazarus\components\lazreport\source\lr_view.pas"/>
        <UnitName Value="LR_View"/>
        <WindowIndex Value="0"/>
        <TopLine Value="321"/>
        <CursorPos X="22" Y="331"/>
        <UsageCount Value="5"/>
      </Unit10>
      <Unit11>
        <Filename Value="C:\lazarus\components\lazreport\source\lr_dbset.pas"/>
        <UnitName Value="LR_DBSet"/>
        <WindowIndex Value="0"/>
        <TopLine Value="215"/>
        <CursorPos X="1" Y="225"/>
        <UsageCount Value="5"/>
      </Unit11>
      <Unit12>
        <Filename Value="C:\lazarus\lcl\interfaces\win32\win32wsstdctrls.pp"/>
        <UnitName Value="Win32WSStdCtrls"/>
        <WindowIndex Value="0"/>
        <TopLine Value="474"/>
        <CursorPos X="1" Y="484"/>
        <UsageCount Value="1"/>
      </Unit12>
      <Unit13>
        <Filename Value="C:\lazarus\components\lazreport\source\lr_class.pas"/>
        <UnitName Value="LR_Class"/>
        <WindowIndex Value="0"/>
        <TopLine Value="8005"/>
        <CursorPos X="1" Y="8064"/>
        <UsageCount Value="1"/>
      </Unit13>
      <Unit14>
        <Filename Value="C:\lazarus\components\powerpdf_0.9.9_20121104\PowerPdf.pas"/>
        <UnitName Value="PowerPdf"/>
        <WindowIndex Value="0"/>
        <TopLine Value="33"/>
        <CursorPos X="28" Y="20"/>
        <UsageCount Value="1"/>
        <DefaultSyntaxHighlighter Value="Delphi"/>
      </Unit14>
      <Unit15>
        <Filename Value="C:\lazarus\components\powerpdf_0.9.9_20121104\PReport.pas"/>
        <UnitName Value="PReport"/>
        <WindowIndex Value="0"/>
        <TopLine Value="193"/>
        <CursorPos X="35" Y="157"/>
        <UsageCount Value="2"/>
        <DefaultSyntaxHighlighter Value="Delphi"/>
      </Unit15>
      <Unit16>
        <Filename Value="src\fr_e_tnpdf.pas"/>
        <UnitName Value="FR_E_TNPDF"/>
        <WindowIndex Value="0"/>
        <TopLine Value="7"/>
        <CursorPos X="53" Y="9"/>
        <UsageCount Value="27"/>
      </Unit16>
      <Unit17>
        <Filename Value="C:\lazarus\components\richmemo\win32\win32richmemo.pas"/>
        <UnitName Value="Win32RichMemo"/>
        <WindowIndex Value="0"/>
        <TopLine Value="95"/>
        <CursorPos X="26" Y="103"/>
        <UsageCount Value="2"/>
      </Unit17>
      <Unit18>
        <Filename Value="src\udatamodule.lfm"/>
        <HasResources Value="True"/>
        <ResourceBaseClass Value="Form"/>
        <WindowIndex Value="0"/>
        <TopLine Value="1"/>
        <CursorPos X="50" Y="15"/>
        <UsageCount Value="6"/>
        <DefaultSyntaxHighlighter Value="LFM"/>
      </Unit18>
      <Unit19>
        <Filename Value="C:\lazarus\components\lazreport\source\addons\pdfexport\lr_e_pdf.pas"/>
        <UnitName Value="lr_e_pdf"/>
        <WindowIndex Value="0"/>
        <TopLine Value="22"/>
        <CursorPos X="5" Y="22"/>
        <UsageCount Value="2"/>
      </Unit19>
      <Unit20>
        <Filename Value="C:\lazarus\lcl\interfaces\win32\win32listsl.inc"/>
        <WindowIndex Value="0"/>
        <TopLine Value="156"/>
        <CursorPos X="1" Y="173"/>
        <UsageCount Value="5"/>
      </Unit20>
      <Unit21>
        <Filename Value="C:\lazarus\fpc\2.6.2\source\rtl\inc\systemh.inc"/>
        <WindowIndex Value="0"/>
        <TopLine Value="80"/>
        <CursorPos X="3" Y="91"/>
        <UsageCount Value="3"/>
      </Unit21>
      <Unit22>
        <Filename Value="C:\lazarus\fpc\2.6.2\source\rtl\inc\objpash.inc"/>
        <WindowIndex Value="0"/>
        <TopLine Value="50"/>
        <CursorPos X="11" Y="61"/>
        <UsageCount Value="5"/>
      </Unit22>
      <Unit23>
        <Filename Value="C:\lazarus\fpc\2.6.2\source\packages\fcl-db\src\base\db.pas"/>
        <UnitName Value="db"/>
        <WindowIndex Value="0"/>
        <TopLine Value="1628"/>
        <CursorPos X="3" Y="1337"/>
        <UsageCount Value="11"/>
      </Unit23>
      <Unit24>
        <Filename Value="src\unitsplash.pas"/>
        <IsPartOfProject Value="True"/>
        <ComponentName Value="FormSplash"/>
        <HasResources Value="True"/>
        <ResourceBaseClass Value="Form"/>
        <UnitName Value="unitSplash"/>
        <WindowIndex Value="0"/>
        <TopLine Value="1"/>
        <CursorPos X="1" Y="1"/>
        <UsageCount Value="131"/>
      </Unit24>
      <Unit25>
        <Filename Value="src\unitimagem.pas"/>
        <IsPartOfProject Value="True"/>
        <UnitName Value="unitImagem"/>
        <EditorIndex Value="2"/>
        <WindowIndex Value="0"/>
        <TopLine Value="146"/>
        <CursorPos X="32" Y="170"/>
        <UsageCount Value="129"/>
        <Loaded Value="True"/>
      </Unit25>
      <Unit26>
        <Filename Value="C:\lazarus\components\richmemo\richmemo.pas"/>
        <UnitName Value="RichMemo"/>
        <WindowIndex Value="0"/>
        <TopLine Value="258"/>
        <CursorPos X="28" Y="267"/>
        <UsageCount Value="8"/>
      </Unit26>
      <Unit27>
        <Filename Value="C:\lazarus\components\tachart\tachartimagelist.pas"/>
        <UnitName Value="TAChartImageList"/>
        <WindowIndex Value="0"/>
        <TopLine Value="107"/>
        <CursorPos X="6" Y="43"/>
        <UsageCount Value="7"/>
      </Unit27>
      <Unit28>
        <Filename Value="C:\lazarus\components\tachart\tatools.pas"/>
        <UnitName Value="TATools"/>
        <WindowIndex Value="0"/>
        <TopLine Value="791"/>
        <CursorPos X="3" Y="770"/>
        <UsageCount Value="7"/>
      </Unit28>
      <Unit29>
        <Filename Value="C:\lazarus\components\tachart\tachartextentlink.pas"/>
        <UnitName Value="TAChartExtentLink"/>
        <WindowIndex Value="0"/>
        <TopLine Value="97"/>
        <CursorPos X="34" Y="148"/>
        <UsageCount Value="5"/>
      </Unit29>
      <Unit30>
        <Filename Value="C:\lazarus\lcl\include\menuitem.inc"/>
        <WindowIndex Value="0"/>
        <TopLine Value="67"/>
        <CursorPos X="1" Y="83"/>
        <UsageCount Value="9"/>
      </Unit30>
      <Unit31>
        <Filename Value="C:\lazarus\lcl\dbctrls.pp"/>
        <UnitName Value="DbCtrls"/>
        <WindowIndex Value="0"/>
        <TopLine Value="1405"/>
        <CursorPos X="1" Y="1416"/>
        <UsageCount Value="8"/>
      </Unit31>
      <Unit32>
        <Filename Value="src\unitgraficos.pas"/>
        <IsPartOfProject Value="True"/>
        <UnitName Value="unitgraficos"/>
        <EditorIndex Value="4"/>
        <WindowIndex Value="0"/>
        <TopLine Value="19"/>
        <CursorPos X="33" Y="46"/>
        <UsageCount Value="86"/>
        <Loaded Value="True"/>
      </Unit32>
      <Unit33>
        <Filename Value="..\TesteGraficos2\unitinterface.pas"/>
        <UnitName Value="unitinterface"/>
        <WindowIndex Value="0"/>
        <TopLine Value="1"/>
        <CursorPos X="11" Y="43"/>
        <UsageCount Value="9"/>
      </Unit33>
      <Unit34>
        <Filename Value="C:\lazarus\components\tachart\tasources.pas"/>
        <UnitName Value="TASources"/>
        <WindowIndex Value="0"/>
        <TopLine Value="38"/>
        <CursorPos X="39" Y="33"/>
        <UsageCount Value="13"/>
      </Unit34>
      <Unit35>
        <Filename Value="C:\lazarus\fpc\2.6.2\source\packages\fcl-db\src\sdf\sdfdata.pp"/>
        <UnitName Value="SdfData"/>
        <WindowIndex Value="0"/>
        <TopLine Value="597"/>
        <CursorPos X="33" Y="611"/>
        <UsageCount Value="7"/>
      </Unit35>
      <Unit36>
        <Filename Value="C:\lazarus\fpc\2.6.2\source\rtl\objpas\classes\classesh.inc"/>
        <WindowIndex Value="0"/>
        <TopLine Value="543"/>
        <CursorPos X="18" Y="553"/>
        <UsageCount Value="7"/>
      </Unit36>
      <Unit37>
        <Filename Value="Data\raman.csv"/>
        <WindowIndex Value="0"/>
        <TopLine Value="1290"/>
        <CursorPos X="19" Y="1312"/>
        <UsageCount Value="7"/>
        <DefaultSyntaxHighlighter Value="None"/>
      </Unit37>
      <Unit38>
        <Filename Value="src\unitplanilha.pas"/>
        <IsPartOfProject Value="True"/>
        <ComponentName Value="FormPlanilha"/>
        <HasResources Value="True"/>
        <ResourceBaseClass Value="Form"/>
        <UnitName Value="unitPlanilha"/>
        <EditorIndex Value="1"/>
        <WindowIndex Value="0"/>
        <TopLine Value="1"/>
        <CursorPos X="35" Y="21"/>
        <UsageCount Value="36"/>
        <Loaded Value="True"/>
        <LoadedDesigner Value="True"/>
      </Unit38>
      <Unit39>
        <Filename Value="..\..\Geoestatistica\src\unitplanilha.pas"/>
        <UnitName Value="unitPlanilha"/>
        <WindowIndex Value="0"/>
        <TopLine Value="2"/>
        <CursorPos X="28" Y="16"/>
        <UsageCount Value="9"/>
      </Unit39>
      <Unit40>
        <Filename Value="..\..\Geoestatistica\src\unitinterface.pas"/>
        <UnitName Value="UnitInterface"/>
        <WindowIndex Value="0"/>
        <TopLine Value="145"/>
        <CursorPos X="1" Y="1"/>
        <UsageCount Value="9"/>
      </Unit40>
      <Unit41>
        <Filename Value="..\..\Geoestatistica\src\unitdados.pas"/>
        <UnitName Value="unitdados"/>
        <WindowIndex Value="0"/>
        <TopLine Value="3"/>
        <CursorPos X="1" Y="1"/>
        <UsageCount Value="9"/>
      </Unit41>
      <Unit42>
        <Filename Value="..\GeoStatistica\src\unitinterface.pas"/>
        <UnitName Value="UnitInterface"/>
        <WindowIndex Value="0"/>
        <TopLine Value="747"/>
        <CursorPos X="36" Y="753"/>
        <UsageCount Value="9"/>
      </Unit42>
      <Unit43>
        <Filename Value="C:\lazarus\components\tachart\tacustomseries.pas"/>
        <UnitName Value="TACustomSeries"/>
        <WindowIndex Value="0"/>
        <TopLine Value="563"/>
        <CursorPos X="23" Y="578"/>
        <UsageCount Value="11"/>
      </Unit43>
    </Units>
    <JumpHistory Count="30" HistoryIndex="29">
      <Position1>
        <Filename Value="src\udatamodule.pas"/>
        <Caret Line="61" Column="46" TopLine="169"/>
      </Position1>
      <Position2>
        <Filename Value="src\uprincipal.pas"/>
        <Caret Line="755" Column="38" TopLine="742"/>
      </Position2>
      <Position3>
        <Filename Value="src\udatamodule.pas"/>
        <Caret Line="61" Column="19" TopLine="45"/>
      </Position3>
      <Position4>
        <Filename Value="src\uprincipal.pas"/>
        <Caret Line="2220" Column="50" TopLine="2179"/>
      </Position4>
      <Position5>
        <Filename Value="src\uprincipal.pas"/>
        <Caret Line="763" Column="48" TopLine="738"/>
      </Position5>
      <Position6>
        <Filename Value="src\uprincipal.pas"/>
        <Caret Line="743" Column="1" TopLine="738"/>
      </Position6>
      <Position7>
        <Filename Value="src\uprincipal.pas"/>
        <Caret Line="744" Column="1" TopLine="738"/>
      </Position7>
      <Position8>
        <Filename Value="src\uprincipal.pas"/>
        <Caret Line="743" Column="1" TopLine="738"/>
      </Position8>
      <Position9>
        <Filename Value="src\uprincipal.pas"/>
        <Caret Line="744" Column="1" TopLine="738"/>
      </Position9>
      <Position10>
        <Filename Value="src\uprincipal.pas"/>
        <Caret Line="2412" Column="3" TopLine="2409"/>
      </Position10>
      <Position11>
        <Filename Value="src\uprincipal.pas"/>
        <Caret Line="2345" Column="4" TopLine="2343"/>
      </Position11>
      <Position12>
        <Filename Value="src\uprincipal.pas"/>
        <Caret Line="661" Column="28" TopLine="648"/>
      </Position12>
      <Position13>
        <Filename Value="src\uprincipal.pas"/>
        <Caret Line="2345" Column="16" TopLine="2321"/>
      </Position13>
      <Position14>
        <Filename Value="src\uprincipal.pas"/>
        <Caret Line="2434" Column="39" TopLine="2410"/>
      </Position14>
      <Position15>
        <Filename Value="src\uprincipal.pas"/>
        <Caret Line="2768" Column="16" TopLine="2744"/>
      </Position15>
      <Position16>
        <Filename Value="src\udatamodule.pas"/>
        <Caret Line="47" Column="45" TopLine="23"/>
      </Position16>
      <Position17>
        <Filename Value="src\uprincipal.pas"/>
        <Caret Line="2434" Column="40" TopLine="2431"/>
      </Position17>
      <Position18>
        <Filename Value="src\uprincipal.pas"/>
        <Caret Line="2757" Column="16" TopLine="2755"/>
      </Position18>
      <Position19>
        <Filename Value="src\uprincipal.pas"/>
        <Caret Line="2248" Column="8" TopLine="2212"/>
      </Position19>
      <Position20>
        <Filename Value="src\uprincipal.pas"/>
        <Caret Line="766" Column="19" TopLine="739"/>
      </Position20>
      <Position21>
        <Filename Value="src\uprincipal.pas"/>
        <Caret Line="2446" Column="45" TopLine="2432"/>
      </Position21>
      <Position22>
        <Filename Value="src\uprincipal.pas"/>
        <Caret Line="2228" Column="1" TopLine="2214"/>
      </Position22>
      <Position23>
        <Filename Value="src\uprincipal.pas"/>
        <Caret Line="764" Column="1" TopLine="750"/>
      </Position23>
      <Position24>
        <Filename Value="src\uprincipal.pas"/>
        <Caret Line="2253" Column="1" TopLine="2239"/>
      </Position24>
      <Position25>
        <Filename Value="src\uprincipal.pas"/>
        <Caret Line="2255" Column="1" TopLine="2239"/>
      </Position25>
      <Position26>
        <Filename Value="src\uprincipal.pas"/>
        <Caret Line="2253" Column="1" TopLine="2239"/>
      </Position26>
      <Position27>
        <Filename Value="src\uprincipal.pas"/>
        <Caret Line="2255" Column="1" TopLine="2239"/>
      </Position27>
      <Position28>
        <Filename Value="src\uprincipal.pas"/>
        <Caret Line="743" Column="1" TopLine="728"/>
      </Position28>
      <Position29>
        <Filename Value="src\unitplanilha.pas"/>
        <Caret Line="21" Column="35" TopLine="1"/>
      </Position29>
      <Position30>
        <Filename Value="src\uprincipal.pas"/>
        <Caret Line="2252" Column="31" TopLine="2256"/>
      </Position30>
    </JumpHistory>
  </ProjectOptions>
  <CompilerOptions>
    <Version Value="11"/>
    <PathDelim Value="\"/>
    <Target>
      <Filename Value="Guia de Minerais"/>
    </Target>
    <SearchPaths>
      <IncludeFiles Value="$(ProjOutDir)"/>
      <OtherUnitFiles Value="src"/>
      <UnitOutputDirectory Value="lib\$(TargetCPU)-$(TargetOS)"/>
    </SearchPaths>
    <Linking>
      <Options>
        <Win32>
          <GraphicApplication Value="True"/>
        </Win32>
      </Options>
    </Linking>
    <Other>
      <CompilerMessages>
        <UseMsgFile Value="True"/>
      </CompilerMessages>
      <CompilerPath Value="$(CompPath)"/>
    </Other>
  </CompilerOptions>
  <Debugging>
    <BreakPoints Count="2">
      <Item1>
        <Kind Value="bpkSource"/>
        <WatchScope Value="wpsLocal"/>
        <WatchKind Value="wpkWrite"/>
        <Source Value="src\uprincipal.pas"/>
        <Line Value="742"/>
      </Item1>
      <Item2>
        <Kind Value="bpkSource"/>
        <WatchScope Value="wpsLocal"/>
        <WatchKind Value="wpkWrite"/>
        <Source Value="src\uprincipal.pas"/>
        <Line Value="744"/>
      </Item2>
    </BreakPoints>
    <Exceptions Count="3">
      <Item1>
        <Name Value="EAbort"/>
      </Item1>
      <Item2>
        <Name Value="ECodetoolError"/>
      </Item2>
      <Item3>
        <Name Value="EFOpenError"/>
      </Item3>
    </Exceptions>
  </Debugging>
</CONFIG>
