<?xml version="1.0"?>
<CONFIG>
  <ProjectOptions>
    <Version Value="9"/>
    <PathDelim Value="\"/>
    <General>
      <MainUnit Value="0"/>
      <ResourceType Value="res"/>
      <UseXPManifest Value="True"/>
      <Icon Value="0"/>
      <ActiveWindowIndexAtStart Value="0"/>
    </General>
    <i18n>
      <EnableI18N LFM="False"/>
    </i18n>
    <VersionInfo>
      <StringTable ProductVersion=""/>
    </VersionInfo>
    <BuildModes Count="1" Active="Default">
      <Item1 Name="Default" Default="True"/>
    </BuildModes>
    <PublishOptions>
      <Version Value="2"/>
      <IncludeFileFilter Value="*.(pas|pp|inc|lfm|lpr|lrs|lpi|lpk|sh|xml)"/>
      <ExcludeFileFilter Value="*.(bak|ppu|o|so);*~;backup"/>
    </PublishOptions>
    <RunParams>
      <local>
        <FormatVersion Value="1"/>
      </local>
    </RunParams>
    <RequiredPackages Count="7">
      <Item1>
        <PackageName Value="richmemopackage"/>
        <MinVersion Major="1" Valid="True"/>
      </Item1>
      <Item2>
        <PackageName Value="lazreportpdfexport"/>
        <MinVersion Minor="7" Valid="True"/>
      </Item2>
      <Item3>
        <PackageName Value="lazreport"/>
        <MinVersion Minor="9" Release="8" Valid="True"/>
      </Item3>
      <Item4>
        <PackageName Value="FCL"/>
        <MinVersion Major="1" Valid="True"/>
      </Item4>
      <Item5>
        <PackageName Value="sqlite3laz"/>
        <MinVersion Minor="4" Valid="True"/>
      </Item5>
      <Item6>
        <PackageName Value="bgracontrols"/>
        <MinVersion Major="1" Minor="4" Valid="True"/>
      </Item6>
      <Item7>
        <PackageName Value="LCL"/>
      </Item7>
    </RequiredPackages>
    <Units Count="9">
      <Unit0>
        <Filename Value="guiademinerais.lpr"/>
        <IsPartOfProject Value="True"/>
        <UnitName Value="guiademinerais"/>
        <EditorIndex Value="1"/>
        <WindowIndex Value="0"/>
        <TopLine Value="2"/>
        <CursorPos X="94" Y="8"/>
        <UsageCount Value="290"/>
        <Loaded Value="True"/>
      </Unit0>
      <Unit1>
        <Filename Value="src\uprincipal.pas"/>
        <IsPartOfProject Value="True"/>
        <ComponentName Value="FormPrincipal"/>
        <HasResources Value="True"/>
        <ResourceBaseClass Value="Form"/>
        <UnitName Value="uprincipal"/>
        <EditorIndex Value="0"/>
        <WindowIndex Value="0"/>
        <TopLine Value="677"/>
        <CursorPos X="42" Y="688"/>
        <UsageCount Value="290"/>
        <Loaded Value="True"/>
        <LoadedDesigner Value="True"/>
      </Unit1>
      <Unit2>
        <Filename Value="src\udatamodule.pas"/>
        <IsPartOfProject Value="True"/>
        <ComponentName Value="Dados"/>
        <HasResources Value="True"/>
        <ResourceBaseClass Value="DataModule"/>
        <UnitName Value="udatamodule"/>
        <EditorIndex Value="6"/>
        <WindowIndex Value="0"/>
        <TopLine Value="40"/>
        <CursorPos X="86" Y="15"/>
        <UsageCount Value="290"/>
        <Loaded Value="True"/>
        <LoadedDesigner Value="True"/>
      </Unit2>
      <Unit3>
        <Filename Value="src\uselecionabd.pas"/>
        <IsPartOfProject Value="True"/>
        <ComponentName Value="FormSelecionaBD"/>
        <HasResources Value="True"/>
        <ResourceBaseClass Value="Form"/>
        <UnitName Value="uselecionabd"/>
        <IsVisibleTab Value="True"/>
        <EditorIndex Value="4"/>
        <WindowIndex Value="0"/>
        <TopLine Value="119"/>
        <CursorPos X="40" Y="133"/>
        <UsageCount Value="290"/>
        <Loaded Value="True"/>
        <LoadedDesigner Value="True"/>
      </Unit3>
      <Unit4>
        <Filename Value="src\ubibliografia.pas"/>
        <IsPartOfProject Value="True"/>
        <ComponentName Value="FormBibliografia"/>
        <HasResources Value="True"/>
        <ResourceBaseClass Value="Form"/>
        <UnitName Value="ubibliografia"/>
        <EditorIndex Value="3"/>
        <WindowIndex Value="0"/>
        <TopLine Value="63"/>
        <CursorPos X="35" Y="72"/>
        <UsageCount Value="289"/>
        <Loaded Value="True"/>
        <LoadedDesigner Value="True"/>
      </Unit4>
      <Unit5>
        <Filename Value="src\sqlite3tablemod.pas"/>
        <UnitName Value="sqlite3tablemod"/>
        <EditorIndex Value="8"/>
        <WindowIndex Value="0"/>
        <TopLine Value="287"/>
        <CursorPos X="1" Y="300"/>
        <UsageCount Value="133"/>
        <Loaded Value="True"/>
      </Unit5>
      <Unit6>
        <Filename Value="src\uformimpressao.pas"/>
        <IsPartOfProject Value="True"/>
        <ComponentName Value="FormImpressao"/>
        <HasResources Value="True"/>
        <ResourceBaseClass Value="Form"/>
        <UnitName Value="uformimpressao"/>
        <EditorIndex Value="5"/>
        <WindowIndex Value="0"/>
        <TopLine Value="40"/>
        <CursorPos X="47" Y="48"/>
        <UsageCount Value="272"/>
        <Loaded Value="True"/>
        <LoadedDesigner Value="True"/>
      </Unit6>
      <Unit7>
        <Filename Value="C:\lazarus\lcl\include\customform.inc"/>
        <EditorIndex Value="7"/>
        <WindowIndex Value="0"/>
        <TopLine Value="2097"/>
        <CursorPos X="28" Y="2106"/>
        <UsageCount Value="117"/>
        <Loaded Value="True"/>
      </Unit7>
      <Unit8>
        <Filename Value="src\unitajuda.pas"/>
        <IsPartOfProject Value="True"/>
        <ComponentName Value="FormAjuda"/>
        <HasResources Value="True"/>
        <ResourceBaseClass Value="Form"/>
        <UnitName Value="UnitAjuda"/>
        <EditorIndex Value="2"/>
        <WindowIndex Value="0"/>
        <TopLine Value="14"/>
        <CursorPos X="20" Y="22"/>
        <UsageCount Value="244"/>
        <Loaded Value="True"/>
        <LoadedDesigner Value="True"/>
      </Unit8>
    </Units>
    <JumpHistory Count="30" HistoryIndex="29">
      <Position1>
        <Filename Value="src\uprincipal.pas"/>
        <Caret Line="142" Column="13" TopLine="133"/>
      </Position1>
      <Position2>
        <Filename Value="src\uselecionabd.pas"/>
        <Caret Line="64" Column="36" TopLine="51"/>
      </Position2>
      <Position3>
        <Filename Value="guiademinerais.lpr"/>
        <Caret Line="8" Column="94" TopLine="2"/>
      </Position3>
      <Position4>
        <Filename Value="src\uselecionabd.pas"/>
        <Caret Line="130" Column="27" TopLine="115"/>
      </Position4>
      <Position5>
        <Filename Value="src\uselecionabd.pas"/>
        <Caret Line="68" Column="26" TopLine="65"/>
      </Position5>
      <Position6>
        <Filename Value="src\uselecionabd.pas"/>
        <Caret Line="110" Column="29" TopLine="39"/>
      </Position6>
      <Position7>
        <Filename Value="src\uselecionabd.pas"/>
        <Caret Line="132" Column="39" TopLine="120"/>
      </Position7>
      <Position8>
        <Filename Value="src\uselecionabd.pas"/>
        <Caret Line="59" Column="27" TopLine="51"/>
      </Position8>
      <Position9>
        <Filename Value="src\uprincipal.pas"/>
        <Caret Line="122" Column="35" TopLine="111"/>
      </Position9>
      <Position10>
        <Filename Value="src\uprincipal.pas"/>
        <Caret Line="316" Column="66" TopLine="295"/>
      </Position10>
      <Position11>
        <Filename Value="src\uprincipal.pas"/>
        <Caret Line="389" Column="37" TopLine="374"/>
      </Position11>
      <Position12>
        <Filename Value="src\uprincipal.pas"/>
        <Caret Line="412" Column="67" TopLine="391"/>
      </Position12>
      <Position13>
        <Filename Value="src\uprincipal.pas"/>
        <Caret Line="575" Column="45" TopLine="554"/>
      </Position13>
      <Position14>
        <Filename Value="src\uprincipal.pas"/>
        <Caret Line="1879" Column="44" TopLine="1843"/>
      </Position14>
      <Position15>
        <Filename Value="src\uprincipal.pas"/>
        <Caret Line="1778" Column="39" TopLine="1655"/>
      </Position15>
      <Position16>
        <Filename Value="src\uprincipal.pas"/>
        <Caret Line="1462" Column="110" TopLine="1449"/>
      </Position16>
      <Position17>
        <Filename Value="src\uprincipal.pas"/>
        <Caret Line="13" Column="17" TopLine="1"/>
      </Position17>
      <Position18>
        <Filename Value="src\uselecionabd.pas"/>
        <Caret Line="136" Column="25" TopLine="120"/>
      </Position18>
      <Position19>
        <Filename Value="src\uselecionabd.pas"/>
        <Caret Line="130" Column="25" TopLine="117"/>
      </Position19>
      <Position20>
        <Filename Value="src\uprincipal.pas"/>
        <Caret Line="358" Column="66" TopLine="501"/>
      </Position20>
      <Position21>
        <Filename Value="src\uprincipal.pas"/>
        <Caret Line="359" Column="66" TopLine="359"/>
      </Position21>
      <Position22>
        <Filename Value="src\uformimpressao.pas"/>
        <Caret Line="51" Column="10" TopLine="40"/>
      </Position22>
      <Position23>
        <Filename Value="src\uformimpressao.pas"/>
        <Caret Line="52" Column="10" TopLine="41"/>
      </Position23>
      <Position24>
        <Filename Value="src\uformimpressao.pas"/>
        <Caret Line="53" Column="10" TopLine="42"/>
      </Position24>
      <Position25>
        <Filename Value="src\uformimpressao.pas"/>
        <Caret Line="54" Column="10" TopLine="43"/>
      </Position25>
      <Position26>
        <Filename Value="src\uformimpressao.pas"/>
        <Caret Line="55" Column="10" TopLine="44"/>
      </Position26>
      <Position27>
        <Filename Value="src\uformimpressao.pas"/>
        <Caret Line="54" Column="10" TopLine="43"/>
      </Position27>
      <Position28>
        <Filename Value="src\uformimpressao.pas"/>
        <Caret Line="53" Column="10" TopLine="42"/>
      </Position28>
      <Position29>
        <Filename Value="src\uformimpressao.pas"/>
        <Caret Line="52" Column="10" TopLine="41"/>
      </Position29>
      <Position30>
        <Filename Value="src\uformimpressao.pas"/>
        <Caret Line="51" Column="10" TopLine="40"/>
      </Position30>
    </JumpHistory>
  </ProjectOptions>
  <CompilerOptions>
    <Version Value="9"/>
    <PathDelim Value="\"/>
    <Target>
      <Filename Value="guiademinerais"/>
    </Target>
    <SearchPaths>
      <IncludeFiles Value="$(ProjOutDir)"/>
      <OtherUnitFiles Value="src"/>
      <UnitOutputDirectory Value="lib\$(TargetCPU)-$(TargetOS)"/>
    </SearchPaths>
    <Linking>
      <Options>
        <Win32>
          <GraphicApplication Value="True"/>
        </Win32>
      </Options>
    </Linking>
    <Other>
      <CompilerPath Value="$(CompPath)"/>
    </Other>
  </CompilerOptions>
  <Debugging>
    <Exceptions Count="3">
      <Item1>
        <Name Value="EAbort"/>
      </Item1>
      <Item2>
        <Name Value="ECodetoolError"/>
      </Item2>
      <Item3>
        <Name Value="EFOpenError"/>
      </Item3>
    </Exceptions>
  </Debugging>
</CONFIG>
